
Microsoft Visual Studio Solution File, Format Version 12.00
# Visual Studio Version 16
VisualStudioVersion = 16.0.30717.126
MinimumVisualStudioVersion = 10.0.40219.1
Project("{9A19103F-16F7-4668-BE54-9A1E7A4F7556}") = "Zadatak1.Demo", "Zadatak1.Demo\Zadatak1.Demo.csproj", "{A4B86AA7-2193-4747-B07B-1E692FFBD360}"
EndProject
Project("{9A19103F-16F7-4668-BE54-9A1E7A4F7556}") = "Zadatak1", "Zadatak1\Zadatak1.csproj", "{1C3C9A40-48AD-4A01-98C2-7FB9AEE2646A}"
EndProject
Project("{9A19103F-16F7-4668-BE54-9A1E7A4F7556}") = "Zadatak1.Tests", "Zadatak1.Tests\Zadatak1.Tests.csproj", "{124EBB26-A7AC-4551-90D8-5247F7AB22A4}"
EndProject
Project("{8BC9CEB8-8B4A-11D0-8D11-00A0C91BC942}") = "Zadatak3.Demo", "Zadatak3.Demo\Zadatak3.Demo.vcxproj", "{F807C5E6-1BB4-4D6D-B0F6-C7FCA3DCF7BD}"
EndProject
Project("{8BC9CEB8-8B4A-11D0-8D11-00A0C91BC942}") = "Zadatak3", "Zadatak3\Zadatak3.vcxproj", "{B85B4E75-DD7C-44E1-BC14-6E4E94BDC28A}"
EndProject
Global
	GlobalSection(SolutionConfigurationPlatforms) = preSolution
		Debug|Any CPU = Debug|Any CPU
		Debug|x64 = Debug|x64
		Debug|x86 = Debug|x86
		Release|Any CPU = Release|Any CPU
		Release|x64 = Release|x64
		Release|x86 = Release|x86
	EndGlobalSection
	GlobalSection(ProjectConfigurationPlatforms) = postSolution
		{A4B86AA7-2193-4747-B07B-1E692FFBD360}.Debug|Any CPU.ActiveCfg = Debug|Any CPU
		{A4B86AA7-2193-4747-B07B-1E692FFBD360}.Debug|Any CPU.Build.0 = Debug|Any CPU
		{A4B86AA7-2193-4747-B07B-1E692FFBD360}.Debug|x64.ActiveCfg = Debug|Any CPU
		{A4B86AA7-2193-4747-B07B-1E692FFBD360}.Debug|x64.Build.0 = Debug|Any CPU
		{A4B86AA7-2193-4747-B07B-1E692FFBD360}.Debug|x86.ActiveCfg = Debug|Any CPU
		{A4B86AA7-2193-4747-B07B-1E692FFBD360}.Debug|x86.Build.0 = Debug|Any CPU
		{A4B86AA7-2193-4747-B07B-1E692FFBD360}.Release|Any CPU.ActiveCfg = Release|Any CPU
		{A4B86AA7-2193-4747-B07B-1E692FFBD360}.Release|Any CPU.Build.0 = Release|Any CPU
		{A4B86AA7-2193-4747-B07B-1E692FFBD360}.Release|x64.ActiveCfg = Release|Any CPU
		{A4B86AA7-2193-4747-B07B-1E692FFBD360}.Release|x64.Build.0 = Release|Any CPU
		{A4B86AA7-2193-4747-B07B-1E692FFBD360}.Release|x86.ActiveCfg = Release|Any CPU
		{A4B86AA7-2193-4747-B07B-1E692FFBD360}.Release|x86.Build.0 = Release|Any CPU
		{1C3C9A40-48AD-4A01-98C2-7FB9AEE2646A}.Debug|Any CPU.ActiveCfg = Debug|Any CPU
		{1C3C9A40-48AD-4A01-98C2-7FB9AEE2646A}.Debug|Any CPU.Build.0 = Debug|Any CPU
		{1C3C9A40-48AD-4A01-98C2-7FB9AEE2646A}.Debug|x64.ActiveCfg = Debug|Any CPU
		{1C3C9A40-48AD-4A01-98C2-7FB9AEE2646A}.Debug|x64.Build.0 = Debug|Any CPU
		{1C3C9A40-48AD-4A01-98C2-7FB9AEE2646A}.Debug|x86.ActiveCfg = Debug|Any CPU
		{1C3C9A40-48AD-4A01-98C2-7FB9AEE2646A}.Debug|x86.Build.0 = Debug|Any CPU
		{1C3C9A40-48AD-4A01-98C2-7FB9AEE2646A}.Release|Any CPU.ActiveCfg = Release|Any CPU
		{1C3C9A40-48AD-4A01-98C2-7FB9AEE2646A}.Release|Any CPU.Build.0 = Release|Any CPU
		{1C3C9A40-48AD-4A01-98C2-7FB9AEE2646A}.Release|x64.ActiveCfg = Release|Any CPU
		{1C3C9A40-48AD-4A01-98C2-7FB9AEE2646A}.Release|x64.Build.0 = Release|Any CPU
		{1C3C9A40-48AD-4A01-98C2-7FB9AEE2646A}.Release|x86.ActiveCfg = Release|Any CPU
		{1C3C9A40-48AD-4A01-98C2-7FB9AEE2646A}.Release|x86.Build.0 = Release|Any CPU
		{124EBB26-A7AC-4551-90D8-5247F7AB22A4}.Debug|Any CPU.ActiveCfg = Debug|Any CPU
		{124EBB26-A7AC-4551-90D8-5247F7AB22A4}.Debug|Any CPU.Build.0 = Debug|Any CPU
		{124EBB26-A7AC-4551-90D8-5247F7AB22A4}.Debug|x64.ActiveCfg = Debug|Any CPU
		{124EBB26-A7AC-4551-90D8-5247F7AB22A4}.Debug|x64.Build.0 = Debug|Any CPU
		{124EBB26-A7AC-4551-90D8-5247F7AB22A4}.Debug|x86.ActiveCfg = Debug|Any CPU
		{124EBB26-A7AC-4551-90D8-5247F7AB22A4}.Debug|x86.Build.0 = Debug|Any CPU
		{124EBB26-A7AC-4551-90D8-5247F7AB22A4}.Release|Any CPU.ActiveCfg = Release|Any CPU
		{124EBB26-A7AC-4551-90D8-5247F7AB22A4}.Release|Any CPU.Build.0 = Release|Any CPU
		{124EBB26-A7AC-4551-90D8-5247F7AB22A4}.Release|x64.ActiveCfg = Release|Any CPU
		{124EBB26-A7AC-4551-90D8-5247F7AB22A4}.Release|x64.Build.0 = Release|Any CPU
		{124EBB26-A7AC-4551-90D8-5247F7AB22A4}.Release|x86.ActiveCfg = Release|Any CPU
		{124EBB26-A7AC-4551-90D8-5247F7AB22A4}.Release|x86.Build.0 = Release|Any CPU
		{F807C5E6-1BB4-4D6D-B0F6-C7FCA3DCF7BD}.Debug|Any CPU.ActiveCfg = Debug|Win32
		{F807C5E6-1BB4-4D6D-B0F6-C7FCA3DCF7BD}.Debug|x64.ActiveCfg = Debug|x64
		{F807C5E6-1BB4-4D6D-B0F6-C7FCA3DCF7BD}.Debug|x64.Build.0 = Debug|x64
		{F807C5E6-1BB4-4D6D-B0F6-C7FCA3DCF7BD}.Debug|x86.ActiveCfg = Debug|Win32
		{F807C5E6-1BB4-4D6D-B0F6-C7FCA3DCF7BD}.Debug|x86.Build.0 = Debug|Win32
		{F807C5E6-1BB4-4D6D-B0F6-C7FCA3DCF7BD}.Release|Any CPU.ActiveCfg = Release|Win32
		{F807C5E6-1BB4-4D6D-B0F6-C7FCA3DCF7BD}.Release|x64.ActiveCfg = Release|x64
		{F807C5E6-1BB4-4D6D-B0F6-C7FCA3DCF7BD}.Release|x64.Build.0 = Release|x64
		{F807C5E6-1BB4-4D6D-B0F6-C7FCA3DCF7BD}.Release|x86.ActiveCfg = Release|Win32
		{F807C5E6-1BB4-4D6D-B0F6-C7FCA3DCF7BD}.Release|x86.Build.0 = Release|Win32
		{B85B4E75-DD7C-44E1-BC14-6E4E94BDC28A}.Debug|Any CPU.ActiveCfg = Debug|Win32
		{B85B4E75-DD7C-44E1-BC14-6E4E94BDC28A}.Debug|x64.ActiveCfg = Debug|x64
		{B85B4E75-DD7C-44E1-BC14-6E4E94BDC28A}.Debug|x64.Build.0 = Debug|x64
		{B85B4E75-DD7C-44E1-BC14-6E4E94BDC28A}.Debug|x86.ActiveCfg = Debug|Win32
		{B85B4E75-DD7C-44E1-BC14-6E4E94BDC28A}.Debug|x86.Build.0 = Debug|Win32
		{B85B4E75-DD7C-44E1-BC14-6E4E94BDC28A}.Release|Any CPU.ActiveCfg = Release|Win32
		{B85B4E75-DD7C-44E1-BC14-6E4E94BDC28A}.Release|x64.ActiveCfg = Release|x64
		{B85B4E75-DD7C-44E1-BC14-6E4E94BDC28A}.Release|x64.Build.0 = Release|x64
		{B85B4E75-DD7C-44E1-BC14-6E4E94BDC28A}.Release|x86.ActiveCfg = Release|Win32
		{B85B4E75-DD7C-44E1-BC14-6E4E94BDC28A}.Release|x86.Build.0 = Release|Win32
	EndGlobalSection
	GlobalSection(SolutionProperties) = preSolution
		HideSolutionNode = FALSE
	EndGlobalSection
	GlobalSection(ExtensibilityGlobals) = postSolution
		SolutionGuid = {EF5195E4-32E2-4358-8169-D0E607F38434}
	EndGlobalSection
EndGlobal
